// !$*UTF8*$!
{
	archiveVersion = 1;
	classes = {
	};
	objectVersion = 51;
	objects = {

/* Begin PBXBuildFile section */
		8907CC5CC0FA1474EF903622 /* Pods_VerseUITests.framework in Frameworks */ = {isa = PBXBuildFile; fileRef = E1291ADE82BA6E15FB9888A7 /* Pods_VerseUITests.framework */; };
		A78AC3E73C21959CCE890D4D /* Pods_VerseTests.framework in Frameworks */ = {isa = PBXBuildFile; fileRef = 9F39FF3337947785CE248B04 /* Pods_VerseTests.framework */; };
		D32FA0F07284E53732BA0AE1 /* Pods_Verse.framework in Frameworks */ = {isa = PBXBuildFile; fileRef = 8143DEEAC9DD07351509A7D2 /* Pods_Verse.framework */; };
		D8006D3222A044B900A5A5FE /* MovieTableViewCell.swift in Sources */ = {isa = PBXBuildFile; fileRef = D8006D3122A044B900A5A5FE /* MovieTableViewCell.swift */; };
		D8D6CAC6229D038000D330E4 /* AppDelegate.swift in Sources */ = {isa = PBXBuildFile; fileRef = D8D6CAC5229D038000D330E4 /* AppDelegate.swift */; };
		D8D6CAC8229D038000D330E4 /* ViewController.swift in Sources */ = {isa = PBXBuildFile; fileRef = D8D6CAC7229D038000D330E4 /* ViewController.swift */; };
		D8D6CACB229D038000D330E4 /* Main.storyboard in Resources */ = {isa = PBXBuildFile; fileRef = D8D6CAC9229D038000D330E4 /* Main.storyboard */; };
		D8D6CACD229D038200D330E4 /* Assets.xcassets in Resources */ = {isa = PBXBuildFile; fileRef = D8D6CACC229D038200D330E4 /* Assets.xcassets */; };
		D8D6CAD0229D038200D330E4 /* LaunchScreen.storyboard in Resources */ = {isa = PBXBuildFile; fileRef = D8D6CACE229D038200D330E4 /* LaunchScreen.storyboard */; };
		D8D6CADB229D038200D330E4 /* VerseTests.swift in Sources */ = {isa = PBXBuildFile; fileRef = D8D6CADA229D038200D330E4 /* VerseTests.swift */; };
		D8D6CAE6229D038200D330E4 /* VerseUITests.swift in Sources */ = {isa = PBXBuildFile; fileRef = D8D6CAE5229D038200D330E4 /* VerseUITests.swift */; };
		D8D6CAFD229D0BE100D330E4 /* MovieProvider.swift in Sources */ = {isa = PBXBuildFile; fileRef = D8D6CAFC229D0BE100D330E4 /* MovieProvider.swift */; };
		D8D6CAFF229D0BEC00D330E4 /* MovieService.swift in Sources */ = {isa = PBXBuildFile; fileRef = D8D6CAFE229D0BEC00D330E4 /* MovieService.swift */; };
		D8D6CB01229D0BF700D330E4 /* MovieDto.swift in Sources */ = {isa = PBXBuildFile; fileRef = D8D6CB00229D0BF700D330E4 /* MovieDto.swift */; };
		D8D6CB03229D0C0600D330E4 /* MovieListView.swift in Sources */ = {isa = PBXBuildFile; fileRef = D8D6CB02229D0C0600D330E4 /* MovieListView.swift */; };
		D8D6CB06229D10BE00D330E4 /* Movie.swift in Sources */ = {isa = PBXBuildFile; fileRef = D8D6CB05229D10BE00D330E4 /* Movie.swift */; };
		D8D6CB08229D10D700D330E4 /* MovieListViewModel.swift in Sources */ = {isa = PBXBuildFile; fileRef = D8D6CB07229D10D700D330E4 /* MovieListViewModel.swift */; };
		D8D6CB0B229D115600D330E4 /* MovieProfileView.swift in Sources */ = {isa = PBXBuildFile; fileRef = D8D6CB0A229D115600D330E4 /* MovieProfileView.swift */; };
		D8D6CB0D229D116400D330E4 /* MovieProfileViewModel.swift in Sources */ = {isa = PBXBuildFile; fileRef = D8D6CB0C229D116400D330E4 /* MovieProfileViewModel.swift */; };
		D8D6CB10229D120800D330E4 /* Coordinator.swift in Sources */ = {isa = PBXBuildFile; fileRef = D8D6CB0F229D120800D330E4 /* Coordinator.swift */; };
		D8D6CB18229D34D800D330E4 /* MovieEndpoint.swift in Sources */ = {isa = PBXBuildFile; fileRef = D8D6CB17229D34D800D330E4 /* MovieEndpoint.swift */; };
/* End PBXBuildFile section */

/* Begin PBXContainerItemProxy section */
		D8D6CAD7229D038200D330E4 /* PBXContainerItemProxy */ = {
			isa = PBXContainerItemProxy;
			containerPortal = D8D6CABA229D038000D330E4 /* Project object */;
			proxyType = 1;
			remoteGlobalIDString = D8D6CAC1229D038000D330E4;
			remoteInfo = Verse;
		};
		D8D6CAE2229D038200D330E4 /* PBXContainerItemProxy */ = {
			isa = PBXContainerItemProxy;
			containerPortal = D8D6CABA229D038000D330E4 /* Project object */;
			proxyType = 1;
			remoteGlobalIDString = D8D6CAC1229D038000D330E4;
			remoteInfo = Verse;
		};
/* End PBXContainerItemProxy section */

/* Begin PBXFileReference section */
		38F7FD1AF0EF2D4AE3C84443 /* Pods-VerseTests.debug.xcconfig */ = {isa = PBXFileReference; includeInIndex = 1; lastKnownFileType = text.xcconfig; name = "Pods-VerseTests.debug.xcconfig"; path = "Target Support Files/Pods-VerseTests/Pods-VerseTests.debug.xcconfig"; sourceTree = "<group>"; };
		764A6479A6D740459CBBD956 /* Pods-VerseTests.release.xcconfig */ = {isa = PBXFileReference; includeInIndex = 1; lastKnownFileType = text.xcconfig; name = "Pods-VerseTests.release.xcconfig"; path = "Target Support Files/Pods-VerseTests/Pods-VerseTests.release.xcconfig"; sourceTree = "<group>"; };
		8143DEEAC9DD07351509A7D2 /* Pods_Verse.framework */ = {isa = PBXFileReference; explicitFileType = wrapper.framework; includeInIndex = 0; path = Pods_Verse.framework; sourceTree = BUILT_PRODUCTS_DIR; };
		9F39FF3337947785CE248B04 /* Pods_VerseTests.framework */ = {isa = PBXFileReference; explicitFileType = wrapper.framework; includeInIndex = 0; path = Pods_VerseTests.framework; sourceTree = BUILT_PRODUCTS_DIR; };
		A02E4531A5958ABA1ADF2479 /* Pods-Verse.debug.xcconfig */ = {isa = PBXFileReference; includeInIndex = 1; lastKnownFileType = text.xcconfig; name = "Pods-Verse.debug.xcconfig"; path = "Target Support Files/Pods-Verse/Pods-Verse.debug.xcconfig"; sourceTree = "<group>"; };
		AC6A855E7D439DC66FC849A1 /* Pods-Verse.release.xcconfig */ = {isa = PBXFileReference; includeInIndex = 1; lastKnownFileType = text.xcconfig; name = "Pods-Verse.release.xcconfig"; path = "Target Support Files/Pods-Verse/Pods-Verse.release.xcconfig"; sourceTree = "<group>"; };
		C10BBD845B1F47C5731A64B1 /* Pods-VerseUITests.debug.xcconfig */ = {isa = PBXFileReference; includeInIndex = 1; lastKnownFileType = text.xcconfig; name = "Pods-VerseUITests.debug.xcconfig"; path = "Target Support Files/Pods-VerseUITests/Pods-VerseUITests.debug.xcconfig"; sourceTree = "<group>"; };
		D8006D3122A044B900A5A5FE /* MovieTableViewCell.swift */ = {isa = PBXFileReference; lastKnownFileType = sourcecode.swift; path = MovieTableViewCell.swift; sourceTree = "<group>"; };
		D8D6CAC2229D038000D330E4 /* Verse.app */ = {isa = PBXFileReference; explicitFileType = wrapper.application; includeInIndex = 0; path = Verse.app; sourceTree = BUILT_PRODUCTS_DIR; };
		D8D6CAC5229D038000D330E4 /* AppDelegate.swift */ = {isa = PBXFileReference; lastKnownFileType = sourcecode.swift; path = AppDelegate.swift; sourceTree = "<group>"; };
		D8D6CAC7229D038000D330E4 /* ViewController.swift */ = {isa = PBXFileReference; lastKnownFileType = sourcecode.swift; path = ViewController.swift; sourceTree = "<group>"; };
		D8D6CACA229D038000D330E4 /* Base */ = {isa = PBXFileReference; lastKnownFileType = file.storyboard; name = Base; path = Base.lproj/Main.storyboard; sourceTree = "<group>"; };
		D8D6CACC229D038200D330E4 /* Assets.xcassets */ = {isa = PBXFileReference; lastKnownFileType = folder.assetcatalog; path = Assets.xcassets; sourceTree = "<group>"; };
		D8D6CACF229D038200D330E4 /* Base */ = {isa = PBXFileReference; lastKnownFileType = file.storyboard; name = Base; path = Base.lproj/LaunchScreen.storyboard; sourceTree = "<group>"; };
		D8D6CAD1229D038200D330E4 /* Info.plist */ = {isa = PBXFileReference; lastKnownFileType = text.plist.xml; path = Info.plist; sourceTree = "<group>"; };
		D8D6CAD6229D038200D330E4 /* VerseTests.xctest */ = {isa = PBXFileReference; explicitFileType = wrapper.cfbundle; includeInIndex = 0; path = VerseTests.xctest; sourceTree = BUILT_PRODUCTS_DIR; };
		D8D6CADA229D038200D330E4 /* VerseTests.swift */ = {isa = PBXFileReference; lastKnownFileType = sourcecode.swift; path = VerseTests.swift; sourceTree = "<group>"; };
		D8D6CADC229D038200D330E4 /* Info.plist */ = {isa = PBXFileReference; lastKnownFileType = text.plist.xml; path = Info.plist; sourceTree = "<group>"; };
		D8D6CAE1229D038200D330E4 /* VerseUITests.xctest */ = {isa = PBXFileReference; explicitFileType = wrapper.cfbundle; includeInIndex = 0; path = VerseUITests.xctest; sourceTree = BUILT_PRODUCTS_DIR; };
		D8D6CAE5229D038200D330E4 /* VerseUITests.swift */ = {isa = PBXFileReference; lastKnownFileType = sourcecode.swift; path = VerseUITests.swift; sourceTree = "<group>"; };
		D8D6CAE7229D038200D330E4 /* Info.plist */ = {isa = PBXFileReference; lastKnownFileType = text.plist.xml; path = Info.plist; sourceTree = "<group>"; };
		D8D6CAFC229D0BE100D330E4 /* MovieProvider.swift */ = {isa = PBXFileReference; lastKnownFileType = sourcecode.swift; path = MovieProvider.swift; sourceTree = "<group>"; };
		D8D6CAFE229D0BEC00D330E4 /* MovieService.swift */ = {isa = PBXFileReference; lastKnownFileType = sourcecode.swift; path = MovieService.swift; sourceTree = "<group>"; };
		D8D6CB00229D0BF700D330E4 /* MovieDto.swift */ = {isa = PBXFileReference; lastKnownFileType = sourcecode.swift; path = MovieDto.swift; sourceTree = "<group>"; };
		D8D6CB02229D0C0600D330E4 /* MovieListView.swift */ = {isa = PBXFileReference; lastKnownFileType = sourcecode.swift; path = MovieListView.swift; sourceTree = "<group>"; };
		D8D6CB05229D10BE00D330E4 /* Movie.swift */ = {isa = PBXFileReference; lastKnownFileType = sourcecode.swift; path = Movie.swift; sourceTree = "<group>"; };
		D8D6CB07229D10D700D330E4 /* MovieListViewModel.swift */ = {isa = PBXFileReference; lastKnownFileType = sourcecode.swift; path = MovieListViewModel.swift; sourceTree = "<group>"; };
		D8D6CB0A229D115600D330E4 /* MovieProfileView.swift */ = {isa = PBXFileReference; lastKnownFileType = sourcecode.swift; path = MovieProfileView.swift; sourceTree = "<group>"; };
		D8D6CB0C229D116400D330E4 /* MovieProfileViewModel.swift */ = {isa = PBXFileReference; lastKnownFileType = sourcecode.swift; path = MovieProfileViewModel.swift; sourceTree = "<group>"; };
		D8D6CB0F229D120800D330E4 /* Coordinator.swift */ = {isa = PBXFileReference; lastKnownFileType = sourcecode.swift; path = Coordinator.swift; sourceTree = "<group>"; };
		D8D6CB17229D34D800D330E4 /* MovieEndpoint.swift */ = {isa = PBXFileReference; lastKnownFileType = sourcecode.swift; path = MovieEndpoint.swift; sourceTree = "<group>"; };
		D9F26EDF76480E483637F030 /* Pods-VerseUITests.release.xcconfig */ = {isa = PBXFileReference; includeInIndex = 1; lastKnownFileType = text.xcconfig; name = "Pods-VerseUITests.release.xcconfig"; path = "Target Support Files/Pods-VerseUITests/Pods-VerseUITests.release.xcconfig"; sourceTree = "<group>"; };
		E1291ADE82BA6E15FB9888A7 /* Pods_VerseUITests.framework */ = {isa = PBXFileReference; explicitFileType = wrapper.framework; includeInIndex = 0; path = Pods_VerseUITests.framework; sourceTree = BUILT_PRODUCTS_DIR; };
/* End PBXFileReference section */

/* Begin PBXFrameworksBuildPhase section */
		D8D6CABF229D038000D330E4 /* Frameworks */ = {
			isa = PBXFrameworksBuildPhase;
			buildActionMask = 2147483647;
			files = (
				D32FA0F07284E53732BA0AE1 /* Pods_Verse.framework in Frameworks */,
			);
			runOnlyForDeploymentPostprocessing = 0;
		};
		D8D6CAD3229D038200D330E4 /* Frameworks */ = {
			isa = PBXFrameworksBuildPhase;
			buildActionMask = 2147483647;
			files = (
				A78AC3E73C21959CCE890D4D /* Pods_VerseTests.framework in Frameworks */,
			);
			runOnlyForDeploymentPostprocessing = 0;
		};
		D8D6CADE229D038200D330E4 /* Frameworks */ = {
			isa = PBXFrameworksBuildPhase;
			buildActionMask = 2147483647;
			files = (
				8907CC5CC0FA1474EF903622 /* Pods_VerseUITests.framework in Frameworks */,
			);
			runOnlyForDeploymentPostprocessing = 0;
		};
/* End PBXFrameworksBuildPhase section */

/* Begin PBXGroup section */
		D56239A1276BAB3FBA35C541 /* Pods */ = {
			isa = PBXGroup;
			children = (
				A02E4531A5958ABA1ADF2479 /* Pods-Verse.debug.xcconfig */,
				AC6A855E7D439DC66FC849A1 /* Pods-Verse.release.xcconfig */,
				38F7FD1AF0EF2D4AE3C84443 /* Pods-VerseTests.debug.xcconfig */,
				764A6479A6D740459CBBD956 /* Pods-VerseTests.release.xcconfig */,
				C10BBD845B1F47C5731A64B1 /* Pods-VerseUITests.debug.xcconfig */,
				D9F26EDF76480E483637F030 /* Pods-VerseUITests.release.xcconfig */,
			);
			path = Pods;
			sourceTree = "<group>";
		};
		D8006D2F22A0448F00A5A5FE /* Controls */ = {
			isa = PBXGroup;
			children = (
				D8006D3022A0449E00A5A5FE /* TableViewCells */,
			);
			path = Controls;
			sourceTree = "<group>";
		};
		D8006D3022A0449E00A5A5FE /* TableViewCells */ = {
			isa = PBXGroup;
			children = (
				D8006D3122A044B900A5A5FE /* MovieTableViewCell.swift */,
			);
			path = TableViewCells;
			sourceTree = "<group>";
		};
		D8D6CAB9229D038000D330E4 = {
			isa = PBXGroup;
			children = (
				D8D6CAC4229D038000D330E4 /* Verse */,
				D8D6CAD9229D038200D330E4 /* VerseTests */,
				D8D6CAE4229D038200D330E4 /* VerseUITests */,
				D8D6CAC3229D038000D330E4 /* Products */,
				D56239A1276BAB3FBA35C541 /* Pods */,
				F7419F199DDAF4103154A240 /* Frameworks */,
			);
			sourceTree = "<group>";
		};
		D8D6CAC3229D038000D330E4 /* Products */ = {
			isa = PBXGroup;
			children = (
				D8D6CAC2229D038000D330E4 /* Verse.app */,
				D8D6CAD6229D038200D330E4 /* VerseTests.xctest */,
				D8D6CAE1229D038200D330E4 /* VerseUITests.xctest */,
			);
			name = Products;
			sourceTree = "<group>";
		};
		D8D6CAC4229D038000D330E4 /* Verse */ = {
			isa = PBXGroup;
			children = (
				D8006D2F22A0448F00A5A5FE /* Controls */,
				D8D6CAF8229D0B0A00D330E4 /* Core */,
				D8D6CAF5229D0AAB00D330E4 /* Views */,
				D8D6CB04229D0C0B00D330E4 /* ViewModels */,
				D8D6CAFA229D0BC000D330E4 /* Providers */,
				D8D6CAF3229D0A9100D330E4 /* Network */,
				D8D6CAC5229D038000D330E4 /* AppDelegate.swift */,
				D8D6CAC7229D038000D330E4 /* ViewController.swift */,
				D8D6CAC9229D038000D330E4 /* Main.storyboard */,
				D8D6CACC229D038200D330E4 /* Assets.xcassets */,
				D8D6CACE229D038200D330E4 /* LaunchScreen.storyboard */,
				D8D6CAD1229D038200D330E4 /* Info.plist */,
			);
			path = Verse;
			sourceTree = "<group>";
		};
		D8D6CAD9229D038200D330E4 /* VerseTests */ = {
			isa = PBXGroup;
			children = (
				D8D6CADA229D038200D330E4 /* VerseTests.swift */,
				D8D6CADC229D038200D330E4 /* Info.plist */,
			);
			path = VerseTests;
			sourceTree = "<group>";
		};
		D8D6CAE4229D038200D330E4 /* VerseUITests */ = {
			isa = PBXGroup;
			children = (
				D8D6CAE5229D038200D330E4 /* VerseUITests.swift */,
				D8D6CAE7229D038200D330E4 /* Info.plist */,
			);
			path = VerseUITests;
			sourceTree = "<group>";
		};
		D8D6CAF3229D0A9100D330E4 /* Network */ = {
			isa = PBXGroup;
			children = (
				D8D6CB16229D336200D330E4 /* Endpoints */,
				D8D6CAFB229D0BCC00D330E4 /* Services */,
				D8D6CAF4229D0AA400D330E4 /* Dto */,
			);
			path = Network;
			sourceTree = "<group>";
		};
		D8D6CAF4229D0AA400D330E4 /* Dto */ = {
			isa = PBXGroup;
			children = (
				D8D6CB00229D0BF700D330E4 /* MovieDto.swift */,
			);
			path = Dto;
			sourceTree = "<group>";
		};
		D8D6CAF5229D0AAB00D330E4 /* Views */ = {
			isa = PBXGroup;
			children = (
				D8D6CB02229D0C0600D330E4 /* MovieListView.swift */,
				D8D6CB0A229D115600D330E4 /* MovieProfileView.swift */,
			);
			path = Views;
			sourceTree = "<group>";
		};
		D8D6CAF8229D0B0A00D330E4 /* Core */ = {
			isa = PBXGroup;
			children = (
				D8D6CAF9229D0B0E00D330E4 /* Models */,
				D8D6CB0F229D120800D330E4 /* Coordinator.swift */,
			);
			path = Core;
			sourceTree = "<group>";
		};
		D8D6CAF9229D0B0E00D330E4 /* Models */ = {
			isa = PBXGroup;
			children = (
				D8D6CB05229D10BE00D330E4 /* Movie.swift */,
			);
			path = Models;
			sourceTree = "<group>";
		};
		D8D6CAFA229D0BC000D330E4 /* Providers */ = {
			isa = PBXGroup;
			children = (
				D8D6CAFC229D0BE100D330E4 /* MovieProvider.swift */,
			);
			path = Providers;
			sourceTree = "<group>";
		};
		D8D6CAFB229D0BCC00D330E4 /* Services */ = {
			isa = PBXGroup;
			children = (
				D8D6CAFE229D0BEC00D330E4 /* MovieService.swift */,
			);
			path = Services;
			sourceTree = "<group>";
		};
		D8D6CB04229D0C0B00D330E4 /* ViewModels */ = {
			isa = PBXGroup;
			children = (
				D8D6CB07229D10D700D330E4 /* MovieListViewModel.swift */,
				D8D6CB0C229D116400D330E4 /* MovieProfileViewModel.swift */,
			);
			path = ViewModels;
			sourceTree = "<group>";
		};
		D8D6CB16229D336200D330E4 /* Endpoints */ = {
			isa = PBXGroup;
			children = (
				D8D6CB17229D34D800D330E4 /* MovieEndpoint.swift */,
			);
			path = Endpoints;
			sourceTree = "<group>";
		};
		F7419F199DDAF4103154A240 /* Frameworks */ = {
			isa = PBXGroup;
			children = (
				8143DEEAC9DD07351509A7D2 /* Pods_Verse.framework */,
				9F39FF3337947785CE248B04 /* Pods_VerseTests.framework */,
				E1291ADE82BA6E15FB9888A7 /* Pods_VerseUITests.framework */,
			);
			name = Frameworks;
			sourceTree = "<group>";
		};
/* End PBXGroup section */

/* Begin PBXNativeTarget section */
		D8D6CAC1229D038000D330E4 /* Verse */ = {
			isa = PBXNativeTarget;
			buildConfigurationList = D8D6CAEA229D038200D330E4 /* Build configuration list for PBXNativeTarget "Verse" */;
			buildPhases = (
				39A9077A0278DD3E11C9BAD0 /* [CP] Check Pods Manifest.lock */,
				D8D6CABE229D038000D330E4 /* Sources */,
				D8D6CABF229D038000D330E4 /* Frameworks */,
				D8D6CAC0229D038000D330E4 /* Resources */,
				8849D90A2D4BC32D55130CDA /* [CP] Embed Pods Frameworks */,
			);
			buildRules = (
			);
			dependencies = (
			);
			name = Verse;
			productName = Verse;
			productReference = D8D6CAC2229D038000D330E4 /* Verse.app */;
			productType = "com.apple.product-type.application";
		};
		D8D6CAD5229D038200D330E4 /* VerseTests */ = {
			isa = PBXNativeTarget;
			buildConfigurationList = D8D6CAED229D038200D330E4 /* Build configuration list for PBXNativeTarget "VerseTests" */;
			buildPhases = (
				9DBC0D0CE8A0E57E8AA05D21 /* [CP] Check Pods Manifest.lock */,
				D8D6CAD2229D038200D330E4 /* Sources */,
				D8D6CAD3229D038200D330E4 /* Frameworks */,
				D8D6CAD4229D038200D330E4 /* Resources */,
			);
			buildRules = (
			);
			dependencies = (
				D8D6CAD8229D038200D330E4 /* PBXTargetDependency */,
			);
			name = VerseTests;
			productName = VerseTests;
			productReference = D8D6CAD6229D038200D330E4 /* VerseTests.xctest */;
			productType = "com.apple.product-type.bundle.unit-test";
		};
		D8D6CAE0229D038200D330E4 /* VerseUITests */ = {
			isa = PBXNativeTarget;
			buildConfigurationList = D8D6CAF0229D038200D330E4 /* Build configuration list for PBXNativeTarget "VerseUITests" */;
			buildPhases = (
				D946A51209EE151DE5287F8F /* [CP] Check Pods Manifest.lock */,
				D8D6CADD229D038200D330E4 /* Sources */,
				D8D6CADE229D038200D330E4 /* Frameworks */,
				D8D6CADF229D038200D330E4 /* Resources */,
			);
			buildRules = (
			);
			dependencies = (
				D8D6CAE3229D038200D330E4 /* PBXTargetDependency */,
			);
			name = VerseUITests;
			productName = VerseUITests;
			productReference = D8D6CAE1229D038200D330E4 /* VerseUITests.xctest */;
			productType = "com.apple.product-type.bundle.ui-testing";
		};
/* End PBXNativeTarget section */

/* Begin PBXProject section */
		D8D6CABA229D038000D330E4 /* Project object */ = {
			isa = PBXProject;
			attributes = {
				LastSwiftUpdateCheck = 1010;
				LastUpgradeCheck = 1010;
				ORGANIZATIONNAME = "Jesus Bellon Quixal";
				TargetAttributes = {
					D8D6CAC1229D038000D330E4 = {
						CreatedOnToolsVersion = 10.1;
					};
					D8D6CAD5229D038200D330E4 = {
						CreatedOnToolsVersion = 10.1;
						TestTargetID = D8D6CAC1229D038000D330E4;
					};
					D8D6CAE0229D038200D330E4 = {
						CreatedOnToolsVersion = 10.1;
						TestTargetID = D8D6CAC1229D038000D330E4;
					};
				};
			};
			buildConfigurationList = D8D6CABD229D038000D330E4 /* Build configuration list for PBXProject "Verse" */;
			compatibilityVersion = "Xcode 9.3";
			developmentRegion = en;
			hasScannedForEncodings = 0;
			knownRegions = (
				en,
				Base,
			);
			mainGroup = D8D6CAB9229D038000D330E4;
			productRefGroup = D8D6CAC3229D038000D330E4 /* Products */;
			projectDirPath = "";
			projectRoot = "";
			targets = (
				D8D6CAC1229D038000D330E4 /* Verse */,
				D8D6CAD5229D038200D330E4 /* VerseTests */,
				D8D6CAE0229D038200D330E4 /* VerseUITests */,
			);
		};
/* End PBXProject section */

/* Begin PBXResourcesBuildPhase section */
		D8D6CAC0229D038000D330E4 /* Resources */ = {
			isa = PBXResourcesBuildPhase;
			buildActionMask = 2147483647;
			files = (
				D8D6CAD0229D038200D330E4 /* LaunchScreen.storyboard in Resources */,
				D8D6CACD229D038200D330E4 /* Assets.xcassets in Resources */,
				D8D6CACB229D038000D330E4 /* Main.storyboard in Resources */,
			);
			runOnlyForDeploymentPostprocessing = 0;
		};
		D8D6CAD4229D038200D330E4 /* Resources */ = {
			isa = PBXResourcesBuildPhase;
			buildActionMask = 2147483647;
			files = (
			);
			runOnlyForDeploymentPostprocessing = 0;
		};
		D8D6CADF229D038200D330E4 /* Resources */ = {
			isa = PBXResourcesBuildPhase;
			buildActionMask = 2147483647;
			files = (
			);
			runOnlyForDeploymentPostprocessing = 0;
		};
/* End PBXResourcesBuildPhase section */

/* Begin PBXShellScriptBuildPhase section */
		39A9077A0278DD3E11C9BAD0 /* [CP] Check Pods Manifest.lock */ = {
			isa = PBXShellScriptBuildPhase;
			buildActionMask = 2147483647;
			files = (
			);
			inputFileListPaths = (
			);
			inputPaths = (
				"${PODS_PODFILE_DIR_PATH}/Podfile.lock",
				"${PODS_ROOT}/Manifest.lock",
			);
			name = "[CP] Check Pods Manifest.lock";
			outputFileListPaths = (
			);
			outputPaths = (
				"$(DERIVED_FILE_DIR)/Pods-Verse-checkManifestLockResult.txt",
			);
			runOnlyForDeploymentPostprocessing = 0;
			shellPath = /bin/sh;
			shellScript = "diff \"${PODS_PODFILE_DIR_PATH}/Podfile.lock\" \"${PODS_ROOT}/Manifest.lock\" > /dev/null\nif [ $? != 0 ] ; then\n    # print error to STDERR\n    echo \"error: The sandbox is not in sync with the Podfile.lock. Run 'pod install' or update your CocoaPods installation.\" >&2\n    exit 1\nfi\n# This output is used by Xcode 'outputs' to avoid re-running this script phase.\necho \"SUCCESS\" > \"${SCRIPT_OUTPUT_FILE_0}\"\n";
			showEnvVarsInLog = 0;
		};
		8849D90A2D4BC32D55130CDA /* [CP] Embed Pods Frameworks */ = {
			isa = PBXShellScriptBuildPhase;
			buildActionMask = 2147483647;
			files = (
			);
			inputFileListPaths = (
				"${PODS_ROOT}/Target Support Files/Pods-Verse/Pods-Verse-frameworks-${CONFIGURATION}-input-files.xcfilelist",
			);
			name = "[CP] Embed Pods Frameworks";
			outputFileListPaths = (
				"${PODS_ROOT}/Target Support Files/Pods-Verse/Pods-Verse-frameworks-${CONFIGURATION}-output-files.xcfilelist",
			);
			runOnlyForDeploymentPostprocessing = 0;
			shellPath = /bin/sh;
			shellScript = "\"${PODS_ROOT}/Target Support Files/Pods-Verse/Pods-Verse-frameworks.sh\"\n";
			showEnvVarsInLog = 0;
		};
		9DBC0D0CE8A0E57E8AA05D21 /* [CP] Check Pods Manifest.lock */ = {
			isa = PBXShellScriptBuildPhase;
			buildActionMask = 2147483647;
			files = (
			);
			inputFileListPaths = (
			);
			inputPaths = (
				"${PODS_PODFILE_DIR_PATH}/Podfile.lock",
				"${PODS_ROOT}/Manifest.lock",
			);
			name = "[CP] Check Pods Manifest.lock";
			outputFileListPaths = (
			);
			outputPaths = (
				"$(DERIVED_FILE_DIR)/Pods-VerseTests-checkManifestLockResult.txt",
			);
			runOnlyForDeploymentPostprocessing = 0;
			shellPath = /bin/sh;
			shellScript = "diff \"${PODS_PODFILE_DIR_PATH}/Podfile.lock\" \"${PODS_ROOT}/Manifest.lock\" > /dev/null\nif [ $? != 0 ] ; then\n    # print error to STDERR\n    echo \"error: The sandbox is not in sync with the Podfile.lock. Run 'pod install' or update your CocoaPods installation.\" >&2\n    exit 1\nfi\n# This output is used by Xcode 'outputs' to avoid re-running this script phase.\necho \"SUCCESS\" > \"${SCRIPT_OUTPUT_FILE_0}\"\n";
			showEnvVarsInLog = 0;
		};
		D946A51209EE151DE5287F8F /* [CP] Check Pods Manifest.lock */ = {
			isa = PBXShellScriptBuildPhase;
			buildActionMask = 2147483647;
			files = (
			);
			inputFileListPaths = (
			);
			inputPaths = (
				"${PODS_PODFILE_DIR_PATH}/Podfile.lock",
				"${PODS_ROOT}/Manifest.lock",
			);
			name = "[CP] Check Pods Manifest.lock";
			outputFileListPaths = (
			);
			outputPaths = (
				"$(DERIVED_FILE_DIR)/Pods-VerseUITests-checkManifestLockResult.txt",
			);
			runOnlyForDeploymentPostprocessing = 0;
			shellPath = /bin/sh;
			shellScript = "diff \"${PODS_PODFILE_DIR_PATH}/Podfile.lock\" \"${PODS_ROOT}/Manifest.lock\" > /dev/null\nif [ $? != 0 ] ; then\n    # print error to STDERR\n    echo \"error: The sandbox is not in sync with the Podfile.lock. Run 'pod install' or update your CocoaPods installation.\" >&2\n    exit 1\nfi\n# This output is used by Xcode 'outputs' to avoid re-running this script phase.\necho \"SUCCESS\" > \"${SCRIPT_OUTPUT_FILE_0}\"\n";
			showEnvVarsInLog = 0;
		};
/* End PBXShellScriptBuildPhase section */

/* Begin PBXSourcesBuildPhase section */
		D8D6CABE229D038000D330E4 /* Sources */ = {
			isa = PBXSourcesBuildPhase;
			buildActionMask = 2147483647;
			files = (
				D8D6CB06229D10BE00D330E4 /* Movie.swift in Sources */,
				D8D6CAFD229D0BE100D330E4 /* MovieProvider.swift in Sources */,
				D8D6CAC8229D038000D330E4 /* ViewController.swift in Sources */,
				D8D6CB08229D10D700D330E4 /* MovieListViewModel.swift in Sources */,
				D8D6CAFF229D0BEC00D330E4 /* MovieService.swift in Sources */,
				D8D6CB0D229D116400D330E4 /* MovieProfileViewModel.swift in Sources */,
				D8D6CB10229D120800D330E4 /* Coordinator.swift in Sources */,
				D8D6CB01229D0BF700D330E4 /* MovieDto.swift in Sources */,
				D8D6CAC6229D038000D330E4 /* AppDelegate.swift in Sources */,
				D8D6CB03229D0C0600D330E4 /* MovieListView.swift in Sources */,
				D8D6CB0B229D115600D330E4 /* MovieProfileView.swift in Sources */,
				D8D6CB18229D34D800D330E4 /* MovieEndpoint.swift in Sources */,
				D8006D3222A044B900A5A5FE /* MovieTableViewCell.swift in Sources */,
			);
			runOnlyForDeploymentPostprocessing = 0;
		};
		D8D6CAD2229D038200D330E4 /* Sources */ = {
			isa = PBXSourcesBuildPhase;
			buildActionMask = 2147483647;
			files = (
				D8D6CADB229D038200D330E4 /* VerseTests.swift in Sources */,
			);
			runOnlyForDeploymentPostprocessing = 0;
		};
		D8D6CADD229D038200D330E4 /* Sources */ = {
			isa = PBXSourcesBuildPhase;
			buildActionMask = 2147483647;
			files = (
				D8D6CAE6229D038200D330E4 /* VerseUITests.swift in Sources */,
			);
			runOnlyForDeploymentPostprocessing = 0;
		};
/* End PBXSourcesBuildPhase section */

/* Begin PBXTargetDependency section */
		D8D6CAD8229D038200D330E4 /* PBXTargetDependency */ = {
			isa = PBXTargetDependency;
			target = D8D6CAC1229D038000D330E4 /* Verse */;
			targetProxy = D8D6CAD7229D038200D330E4 /* PBXContainerItemProxy */;
		};
		D8D6CAE3229D038200D330E4 /* PBXTargetDependency */ = {
			isa = PBXTargetDependency;
			target = D8D6CAC1229D038000D330E4 /* Verse */;
			targetProxy = D8D6CAE2229D038200D330E4 /* PBXContainerItemProxy */;
		};
/* End PBXTargetDependency section */

/* Begin PBXVariantGroup section */
		D8D6CAC9229D038000D330E4 /* Main.storyboard */ = {
			isa = PBXVariantGroup;
			children = (
				D8D6CACA229D038000D330E4 /* Base */,
			);
			name = Main.storyboard;
			sourceTree = "<group>";
		};
		D8D6CACE229D038200D330E4 /* LaunchScreen.storyboard */ = {
			isa = PBXVariantGroup;
			children = (
				D8D6CACF229D038200D330E4 /* Base */,
			);
			name = LaunchScreen.storyboard;
			sourceTree = "<group>";
		};
/* End PBXVariantGroup section */

/* Begin XCBuildConfiguration section */
		D8D6CAE8229D038200D330E4 /* Debug */ = {
			isa = XCBuildConfiguration;
			buildSettings = {
				ALWAYS_SEARCH_USER_PATHS = NO;
				CLANG_ANALYZER_NONNULL = YES;
				CLANG_ANALYZER_NUMBER_OBJECT_CONVERSION = YES_AGGRESSIVE;
				CLANG_CXX_LANGUAGE_STANDARD = "gnu++14";
				CLANG_CXX_LIBRARY = "libc++";
				CLANG_ENABLE_MODULES = YES;
				CLANG_ENABLE_OBJC_ARC = YES;
				CLANG_ENABLE_OBJC_WEAK = YES;
				CLANG_WARN_BLOCK_CAPTURE_AUTORELEASING = YES;
				CLANG_WARN_BOOL_CONVERSION = YES;
				CLANG_WARN_COMMA = YES;
				CLANG_WARN_CONSTANT_CONVERSION = YES;
				CLANG_WARN_DEPRECATED_OBJC_IMPLEMENTATIONS = YES;
				CLANG_WARN_DIRECT_OBJC_ISA_USAGE = YES_ERROR;
				CLANG_WARN_DOCUMENTATION_COMMENTS = YES;
				CLANG_WARN_EMPTY_BODY = YES;
				CLANG_WARN_ENUM_CONVERSION = YES;
				CLANG_WARN_INFINITE_RECURSION = YES;
				CLANG_WARN_INT_CONVERSION = YES;
				CLANG_WARN_NON_LITERAL_NULL_CONVERSION = YES;
				CLANG_WARN_OBJC_IMPLICIT_RETAIN_SELF = YES;
				CLANG_WARN_OBJC_LITERAL_CONVERSION = YES;
				CLANG_WARN_OBJC_ROOT_CLASS = YES_ERROR;
				CLANG_WARN_RANGE_LOOP_ANALYSIS = YES;
				CLANG_WARN_STRICT_PROTOTYPES = YES;
				CLANG_WARN_SUSPICIOUS_MOVE = YES;
				CLANG_WARN_UNGUARDED_AVAILABILITY = YES_AGGRESSIVE;
				CLANG_WARN_UNREACHABLE_CODE = YES;
				CLANG_WARN__DUPLICATE_METHOD_MATCH = YES;
				CODE_SIGN_IDENTITY = "iPhone Developer";
				COPY_PHASE_STRIP = NO;
				DEBUG_INFORMATION_FORMAT = dwarf;
				ENABLE_STRICT_OBJC_MSGSEND = YES;
				ENABLE_TESTABILITY = YES;
				GCC_C_LANGUAGE_STANDARD = gnu11;
				GCC_DYNAMIC_NO_PIC = NO;
				GCC_NO_COMMON_BLOCKS = YES;
				GCC_OPTIMIZATION_LEVEL = 0;
				GCC_PREPROCESSOR_DEFINITIONS = (
					"DEBUG=1",
					"$(inherited)",
				);
				GCC_WARN_64_TO_32_BIT_CONVERSION = YES;
				GCC_WARN_ABOUT_RETURN_TYPE = YES_ERROR;
				GCC_WARN_UNDECLARED_SELECTOR = YES;
				GCC_WARN_UNINITIALIZED_AUTOS = YES_AGGRESSIVE;
				GCC_WARN_UNUSED_FUNCTION = YES;
				GCC_WARN_UNUSED_VARIABLE = YES;
				IPHONEOS_DEPLOYMENT_TARGET = 12.1;
				MTL_ENABLE_DEBUG_INFO = INCLUDE_SOURCE;
				MTL_FAST_MATH = YES;
				ONLY_ACTIVE_ARCH = YES;
				SDKROOT = iphoneos;
				SWIFT_ACTIVE_COMPILATION_CONDITIONS = DEBUG;
				SWIFT_OPTIMIZATION_LEVEL = "-Onone";
			};
			name = Debug;
		};
		D8D6CAE9229D038200D330E4 /* Release */ = {
			isa = XCBuildConfiguration;
			buildSettings = {
				ALWAYS_SEARCH_USER_PATHS = NO;
				CLANG_ANALYZER_NONNULL = YES;
				CLANG_ANALYZER_NUMBER_OBJECT_CONVERSION = YES_AGGRESSIVE;
				CLANG_CXX_LANGUAGE_STANDARD = "gnu++14";
				CLANG_CXX_LIBRARY = "libc++";
				CLANG_ENABLE_MODULES = YES;
				CLANG_ENABLE_OBJC_ARC = YES;
				CLANG_ENABLE_OBJC_WEAK = YES;
				CLANG_WARN_BLOCK_CAPTURE_AUTORELEASING = YES;
				CLANG_WARN_BOOL_CONVERSION = YES;
				CLANG_WARN_COMMA = YES;
				CLANG_WARN_CONSTANT_CONVERSION = YES;
				CLANG_WARN_DEPRECATED_OBJC_IMPLEMENTATIONS = YES;
				CLANG_WARN_DIRECT_OBJC_ISA_USAGE = YES_ERROR;
				CLANG_WARN_DOCUMENTATION_COMMENTS = YES;
				CLANG_WARN_EMPTY_BODY = YES;
				CLANG_WARN_ENUM_CONVERSION = YES;
				CLANG_WARN_INFINITE_RECURSION = YES;
				CLANG_WARN_INT_CONVERSION = YES;
				CLANG_WARN_NON_LITERAL_NULL_CONVERSION = YES;
				CLANG_WARN_OBJC_IMPLICIT_RETAIN_SELF = YES;
				CLANG_WARN_OBJC_LITERAL_CONVERSION = YES;
				CLANG_WARN_OBJC_ROOT_CLASS = YES_ERROR;
				CLANG_WARN_RANGE_LOOP_ANALYSIS = YES;
				CLANG_WARN_STRICT_PROTOTYPES = YES;
				CLANG_WARN_SUSPICIOUS_MOVE = YES;
				CLANG_WARN_UNGUARDED_AVAILABILITY = YES_AGGRESSIVE;
				CLANG_WARN_UNREACHABLE_CODE = YES;
				CLANG_WARN__DUPLICATE_METHOD_MATCH = YES;
				CODE_SIGN_IDENTITY = "iPhone Developer";
				COPY_PHASE_STRIP = NO;
				DEBUG_INFORMATION_FORMAT = "dwarf-with-dsym";
				ENABLE_NS_ASSERTIONS = NO;
				ENABLE_STRICT_OBJC_MSGSEND = YES;
				GCC_C_LANGUAGE_STANDARD = gnu11;
				GCC_NO_COMMON_BLOCKS = YES;
				GCC_WARN_64_TO_32_BIT_CONVERSION = YES;
				GCC_WARN_ABOUT_RETURN_TYPE = YES_ERROR;
				GCC_WARN_UNDECLARED_SELECTOR = YES;
				GCC_WARN_UNINITIALIZED_AUTOS = YES_AGGRESSIVE;
				GCC_WARN_UNUSED_FUNCTION = YES;
				GCC_WARN_UNUSED_VARIABLE = YES;
				IPHONEOS_DEPLOYMENT_TARGET = 12.1;
				MTL_ENABLE_DEBUG_INFO = NO;
				MTL_FAST_MATH = YES;
				SDKROOT = iphoneos;
				SWIFT_COMPILATION_MODE = wholemodule;
				SWIFT_OPTIMIZATION_LEVEL = "-O";
				VALIDATE_PRODUCT = YES;
			};
			name = Release;
		};
		D8D6CAEB229D038200D330E4 /* Debug */ = {
			isa = XCBuildConfiguration;
			baseConfigurationReference = A02E4531A5958ABA1ADF2479 /* Pods-Verse.debug.xcconfig */;
			buildSettings = {
				ASSETCATALOG_COMPILER_APPICON_NAME = AppIcon;
				CODE_SIGN_STYLE = Automatic;
				INFOPLIST_FILE = Verse/Info.plist;
				LD_RUNPATH_SEARCH_PATHS = (
					"$(inherited)",
					"@executable_path/Frameworks",
				);
				PRODUCT_BUNDLE_IDENTIFIER = com.bellon.Verse;
				PRODUCT_NAME = "$(TARGET_NAME)";
				SWIFT_VERSION = 4.2;
				TARGETED_DEVICE_FAMILY = "1,2";
			};
			name = Debug;
		};
		D8D6CAEC229D038200D330E4 /* Release */ = {
			isa = XCBuildConfiguration;
			baseConfigurationReference = AC6A855E7D439DC66FC849A1 /* Pods-Verse.release.xcconfig */;
			buildSettings = {
				ASSETCATALOG_COMPILER_APPICON_NAME = AppIcon;
				CODE_SIGN_STYLE = Automatic;
				INFOPLIST_FILE = Verse/Info.plist;
				LD_RUNPATH_SEARCH_PATHS = (
					"$(inherited)",
					"@executable_path/Frameworks",
				);
				PRODUCT_BUNDLE_IDENTIFIER = com.bellon.Verse;
				PRODUCT_NAME = "$(TARGET_NAME)";
				SWIFT_VERSION = 4.2;
				TARGETED_DEVICE_FAMILY = "1,2";
			};
			name = Release;
		};
		D8D6CAEE229D038200D330E4 /* Debug */ = {
			isa = XCBuildConfiguration;
			baseConfigurationReference = 38F7FD1AF0EF2D4AE3C84443 /* Pods-VerseTests.debug.xcconfig */;
			buildSettings = {
				ALWAYS_EMBED_SWIFT_STANDARD_LIBRARIES = YES;
				BUNDLE_LOADER = "$(TEST_HOST)";
				CODE_SIGN_STYLE = Automatic;
				INFOPLIST_FILE = VerseTests/Info.plist;
				LD_RUNPATH_SEARCH_PATHS = (
					"$(inherited)",
					"@executable_path/Frameworks",
					"@loader_path/Frameworks",
				);
				PRODUCT_BUNDLE_IDENTIFIER = com.bellon.VerseTests;
				PRODUCT_NAME = "$(TARGET_NAME)";
				SWIFT_VERSION = 4.2;
				TARGETED_DEVICE_FAMILY = "1,2";
				TEST_HOST = "$(BUILT_PRODUCTS_DIR)/Verse.app/Verse";
			};
			name = Debug;
		};
		D8D6CAEF229D038200D330E4 /* Release */ = {
			isa = XCBuildConfiguration;
			baseConfigurationReference = 764A6479A6D740459CBBD956 /* Pods-VerseTests.release.xcconfig */;
			buildSettings = {
				ALWAYS_EMBED_SWIFT_STANDARD_LIBRARIES = YES;
				BUNDLE_LOADER = "$(TEST_HOST)";
				CODE_SIGN_STYLE = Automatic;
				INFOPLIST_FILE = VerseTests/Info.plist;
				LD_RUNPATH_SEARCH_PATHS = (
					"$(inherited)",
					"@executable_path/Frameworks",
					"@loader_path/Frameworks",
				);
				PRODUCT_BUNDLE_IDENTIFIER = com.bellon.VerseTests;
				PRODUCT_NAME = "$(TARGET_NAME)";
				SWIFT_VERSION = 4.2;
				TARGETED_DEVICE_FAMILY = "1,2";
				TEST_HOST = "$(BUILT_PRODUCTS_DIR)/Verse.app/Verse";
			};
			name = Release;
		};
		D8D6CAF1229D038200D330E4 /* Debug */ = {
			isa = XCBuildConfiguration;
			baseConfigurationReference = C10BBD845B1F47C5731A64B1 /* Pods-VerseUITests.debug.xcconfig */;
			buildSettings = {
				ALWAYS_EMBED_SWIFT_STANDARD_LIBRARIES = YES;
				CODE_SIGN_STYLE = Automatic;
				INFOPLIST_FILE = VerseUITests/Info.plist;
				LD_RUNPATH_SEARCH_PATHS = (
					"$(inherited)",
					"@executable_path/Frameworks",
					"@loader_path/Frameworks",
				);
				PRODUCT_BUNDLE_IDENTIFIER = com.bellon.VerseUITests;
				PRODUCT_NAME = "$(TARGET_NAME)";
				SWIFT_VERSION = 4.2;
				TARGETED_DEVICE_FAMILY = "1,2";
				TEST_TARGET_NAME = Verse;
			};
			name = Debug;
		};
		D8D6CAF2229D038200D330E4 /* Release */ = {
			isa = XCBuildConfiguration;
			baseConfigurationReference = D9F26EDF76480E483637F030 /* Pods-VerseUITests.release.xcconfig */;
			buildSettings = {
				ALWAYS_EMBED_SWIFT_STANDARD_LIBRARIES = YES;
				CODE_SIGN_STYLE = Automatic;
				INFOPLIST_FILE = VerseUITests/Info.plist;
				LD_RUNPATH_SEARCH_PATHS = (
					"$(inherited)",
					"@executable_path/Frameworks",
					"@loader_path/Frameworks",
				);
				PRODUCT_BUNDLE_IDENTIFIER = com.bellon.VerseUITests;
				PRODUCT_NAME = "$(TARGET_NAME)";
				SWIFT_VERSION = 4.2;
				TARGETED_DEVICE_FAMILY = "1,2";
				TEST_TARGET_NAME = Verse;
			};
			name = Release;
		};
/* End XCBuildConfiguration section */

/* Begin XCConfigurationList section */
		D8D6CABD229D038000D330E4 /* Build configuration list for PBXProject "Verse" */ = {
			isa = XCConfigurationList;
			buildConfigurations = (
				D8D6CAE8229D038200D330E4 /* Debug */,
				D8D6CAE9229D038200D330E4 /* Release */,
			);
			defaultConfigurationIsVisible = 0;
			defaultConfigurationName = Release;
		};
		D8D6CAEA229D038200D330E4 /* Build configuration list for PBXNativeTarget "Verse" */ = {
			isa = XCConfigurationList;
			buildConfigurations = (
				D8D6CAEB229D038200D330E4 /* Debug */,
				D8D6CAEC229D038200D330E4 /* Release */,
			);
			defaultConfigurationIsVisible = 0;
			defaultConfigurationName = Release;
		};
		D8D6CAED229D038200D330E4 /* Build configuration list for PBXNativeTarget "VerseTests" */ = {
			isa = XCConfigurationList;
			buildConfigurations = (
				D8D6CAEE229D038200D330E4 /* Debug */,
				D8D6CAEF229D038200D330E4 /* Release */,
			);
			defaultConfigurationIsVisible = 0;
			defaultConfigurationName = Release;
		};
		D8D6CAF0229D038200D330E4 /* Build configuration list for PBXNativeTarget "VerseUITests" */ = {
			isa = XCConfigurationList;
			buildConfigurations = (
				D8D6CAF1229D038200D330E4 /* Debug */,
				D8D6CAF2229D038200D330E4 /* Release */,
			);
			defaultConfigurationIsVisible = 0;
			defaultConfigurationName = Release;
		};
/* End XCConfigurationList section */
	};
	rootObject = D8D6CABA229D038000D330E4 /* Project object */;
}
